Microsoft Visual Studio Solution File, Format Version 11.00
# Visual Studio 2008

Project("{C88AE282-5C12-1D53-BE18-79944FAEAB47}") = "-ICANGD2-_Dst1.git", "Assembly-CSharp.csproj", "{CBD69413-DF76-C961-F8B6-345EEEBCEDA2}"
EndProject
Global
	GlobalSection(SolutionConfigurationPlatforms) = preSolution
		Debug|Any CPU = Debug|Any CPU
		Release|Any CPU = Release|Any CPU
	EndGlobalSection
	GlobalSection(ProjectConfigurationPlatforms) = postSolution
		{CBD69413-DF76-C961-F8B6-345EEEBCEDA2}.Debug|Any CPU.ActiveCfg = Debug|Any CPU
		{CBD69413-DF76-C961-F8B6-345EEEBCEDA2}.Debug|Any CPU.Build.0 = Debug|Any CPU
		{CBD69413-DF76-C961-F8B6-345EEEBCEDA2}.Release|Any CPU.ActiveCfg = Release|Any CPU
		{CBD69413-DF76-C961-F8B6-345EEEBCEDA2}.Release|Any CPU.Build.0 = Release|Any CPU
	EndGlobalSection
	GlobalSection(SolutionProperties) = preSolution
		HideSolutionNode = FALSE
	EndGlobalSection
	GlobalSection(MonoDevelopProperties) = preSolution
		StartupItem = Assembly-CSharp.csproj
	EndGlobalSection
EndGlobal
